
Microsoft Visual Studio Solution File, Format Version 12.00
# Visual Studio Version 17
VisualStudioVersion = 17.7.34018.315
MinimumVisualStudioVersion = 10.0.40219.1
Project("{FAE04EC0-301F-11D3-BF4B-00C04F79EFBC}") = "FormMain", "..\FormMain\FormMain.csproj", "{DF8F6891-8628-464F-B20B-3A06CE4B4D3A}"
EndProject
Project("{2150E333-8FDC-42A3-9474-1A3956D46DE8}") = "Solution Items", "Solution Items", "{4D402345-815B-4929-AA78-509DDDDBD011}"
	ProjectSection(SolutionItems) = preProject
		..\..\..\..\Downloads\Moon base image.jpg = ..\..\..\..\Downloads\Moon base image.jpg
	EndProjectSection
EndProject
Global
	GlobalSection(SolutionConfigurationPlatforms) = preSolution
		Debug|Any CPU = Debug|Any CPU
		Release|Any CPU = Release|Any CPU
	EndGlobalSection
	GlobalSection(ProjectConfigurationPlatforms) = postSolution
		{DF8F6891-8628-464F-B20B-3A06CE4B4D3A}.Debug|Any CPU.ActiveCfg = Debug|Any CPU
		{DF8F6891-8628-464F-B20B-3A06CE4B4D3A}.Debug|Any CPU.Build.0 = Debug|Any CPU
		{DF8F6891-8628-464F-B20B-3A06CE4B4D3A}.Release|Any CPU.ActiveCfg = Release|Any CPU
		{DF8F6891-8628-464F-B20B-3A06CE4B4D3A}.Release|Any CPU.Build.0 = Release|Any CPU
	EndGlobalSection
	GlobalSection(SolutionProperties) = preSolution
		HideSolutionNode = FALSE
	EndGlobalSection
	GlobalSection(ExtensibilityGlobals) = postSolution
		SolutionGuid = {647453E2-127F-4A8E-AA2B-42BEF55C12E5}
	EndGlobalSection
EndGlobal
